
Microsoft Visual Studio Solution File, Format Version 12.00
# Visual Studio Version 16
VisualStudioVersion = 16.0.29911.84
MinimumVisualStudioVersion = 10.0.40219.1
Project("{9A19103F-16F7-4668-BE54-9A1E7A4F7556}") = "Lobby", "Lobby\Lobby.csproj", "{DB942933-B7FA-4F17-9EA1-E4F6B097BF02}"
EndProject
Project("{9A19103F-16F7-4668-BE54-9A1E7A4F7556}") = "Admin", "Admin\Admin.csproj", "{2D268847-2A0C-4E83-8B06-7BC4352D8280}"
EndProject
Project("{9A19103F-16F7-4668-BE54-9A1E7A4F7556}") = "Service", "Service\Service.csproj", "{7E7A6B61-212B-45B7-AACC-2BCA07C8A9F9}"
EndProject
Project("{9A19103F-16F7-4668-BE54-9A1E7A4F7556}") = "Game", "Game\Game.csproj", "{770A8B0A-1D19-407C-9C35-5D1709451343}"
EndProject
Global
	GlobalSection(SolutionConfigurationPlatforms) = preSolution
		Debug|Any CPU = Debug|Any CPU
		Release|Any CPU = Release|Any CPU
	EndGlobalSection
	GlobalSection(ProjectConfigurationPlatforms) = postSolution
		{DB942933-B7FA-4F17-9EA1-E4F6B097BF02}.Debug|Any CPU.ActiveCfg = Debug|Any CPU
		{DB942933-B7FA-4F17-9EA1-E4F6B097BF02}.Debug|Any CPU.Build.0 = Debug|Any CPU
		{DB942933-B7FA-4F17-9EA1-E4F6B097BF02}.Release|Any CPU.ActiveCfg = Release|Any CPU
		{DB942933-B7FA-4F17-9EA1-E4F6B097BF02}.Release|Any CPU.Build.0 = Release|Any CPU
		{2D268847-2A0C-4E83-8B06-7BC4352D8280}.Debug|Any CPU.ActiveCfg = Debug|Any CPU
		{2D268847-2A0C-4E83-8B06-7BC4352D8280}.Debug|Any CPU.Build.0 = Debug|Any CPU
		{2D268847-2A0C-4E83-8B06-7BC4352D8280}.Release|Any CPU.ActiveCfg = Release|Any CPU
		{2D268847-2A0C-4E83-8B06-7BC4352D8280}.Release|Any CPU.Build.0 = Release|Any CPU
		{7E7A6B61-212B-45B7-AACC-2BCA07C8A9F9}.Debug|Any CPU.ActiveCfg = Debug|Any CPU
		{7E7A6B61-212B-45B7-AACC-2BCA07C8A9F9}.Debug|Any CPU.Build.0 = Debug|Any CPU
		{7E7A6B61-212B-45B7-AACC-2BCA07C8A9F9}.Release|Any CPU.ActiveCfg = Release|Any CPU
		{7E7A6B61-212B-45B7-AACC-2BCA07C8A9F9}.Release|Any CPU.Build.0 = Release|Any CPU
		{770A8B0A-1D19-407C-9C35-5D1709451343}.Debug|Any CPU.ActiveCfg = Debug|Any CPU
		{770A8B0A-1D19-407C-9C35-5D1709451343}.Debug|Any CPU.Build.0 = Debug|Any CPU
		{770A8B0A-1D19-407C-9C35-5D1709451343}.Release|Any CPU.ActiveCfg = Release|Any CPU
		{770A8B0A-1D19-407C-9C35-5D1709451343}.Release|Any CPU.Build.0 = Release|Any CPU
	EndGlobalSection
	GlobalSection(SolutionProperties) = preSolution
		HideSolutionNode = FALSE
	EndGlobalSection
	GlobalSection(ExtensibilityGlobals) = postSolution
		SolutionGuid = {F3B7CAC1-510B-428B-AD1E-067906D3EF24}
	EndGlobalSection
EndGlobal
