
Microsoft Visual Studio Solution File, Format Version 12.00
# Visual Studio Version 16
VisualStudioVersion = 16.0.29911.84
MinimumVisualStudioVersion = 10.0.40219.1
Project("{9A19103F-16F7-4668-BE54-9A1E7A4F7556}") = "Service", "Service\Service.csproj", "{7E7A6B61-212B-45B7-AACC-2BCA07C8A9F9}"
EndProject
Project("{9A19103F-16F7-4668-BE54-9A1E7A4F7556}") = "AdminServer", "AdminServer\AdminServer.csproj", "{FE958119-F116-42C3-9699-B7A1FA4D47BD}"
EndProject
Project("{9A19103F-16F7-4668-BE54-9A1E7A4F7556}") = "GameServer", "GameServer\GameServer.csproj", "{3653F6E2-586C-4F64-89E9-DA50AD65F576}"
EndProject
Project("{9A19103F-16F7-4668-BE54-9A1E7A4F7556}") = "LobbyServer", "LobbyServer\LobbyServer.csproj", "{D084DA02-0C89-4C8F-BBED-CB6A64351B97}"
EndProject
Global
	GlobalSection(SolutionConfigurationPlatforms) = preSolution
		Debug|Any CPU = Debug|Any CPU
		Release|Any CPU = Release|Any CPU
	EndGlobalSection
	GlobalSection(ProjectConfigurationPlatforms) = postSolution
		{7E7A6B61-212B-45B7-AACC-2BCA07C8A9F9}.Debug|Any CPU.ActiveCfg = Debug|Any CPU
		{7E7A6B61-212B-45B7-AACC-2BCA07C8A9F9}.Debug|Any CPU.Build.0 = Debug|Any CPU
		{7E7A6B61-212B-45B7-AACC-2BCA07C8A9F9}.Release|Any CPU.ActiveCfg = Release|Any CPU
		{7E7A6B61-212B-45B7-AACC-2BCA07C8A9F9}.Release|Any CPU.Build.0 = Release|Any CPU
		{FE958119-F116-42C3-9699-B7A1FA4D47BD}.Debug|Any CPU.ActiveCfg = Debug|Any CPU
		{FE958119-F116-42C3-9699-B7A1FA4D47BD}.Debug|Any CPU.Build.0 = Debug|Any CPU
		{FE958119-F116-42C3-9699-B7A1FA4D47BD}.Release|Any CPU.ActiveCfg = Release|Any CPU
		{FE958119-F116-42C3-9699-B7A1FA4D47BD}.Release|Any CPU.Build.0 = Release|Any CPU
		{3653F6E2-586C-4F64-89E9-DA50AD65F576}.Debug|Any CPU.ActiveCfg = Debug|Any CPU
		{3653F6E2-586C-4F64-89E9-DA50AD65F576}.Debug|Any CPU.Build.0 = Debug|Any CPU
		{3653F6E2-586C-4F64-89E9-DA50AD65F576}.Release|Any CPU.ActiveCfg = Release|Any CPU
		{3653F6E2-586C-4F64-89E9-DA50AD65F576}.Release|Any CPU.Build.0 = Release|Any CPU
		{D084DA02-0C89-4C8F-BBED-CB6A64351B97}.Debug|Any CPU.ActiveCfg = Debug|Any CPU
		{D084DA02-0C89-4C8F-BBED-CB6A64351B97}.Debug|Any CPU.Build.0 = Debug|Any CPU
		{D084DA02-0C89-4C8F-BBED-CB6A64351B97}.Release|Any CPU.ActiveCfg = Release|Any CPU
		{D084DA02-0C89-4C8F-BBED-CB6A64351B97}.Release|Any CPU.Build.0 = Release|Any CPU
	EndGlobalSection
	GlobalSection(SolutionProperties) = preSolution
		HideSolutionNode = FALSE
	EndGlobalSection
	GlobalSection(ExtensibilityGlobals) = postSolution
		SolutionGuid = {F3B7CAC1-510B-428B-AD1E-067906D3EF24}
	EndGlobalSection
EndGlobal
